
Microsoft Visual Studio Solution File, Format Version 12.00
# Visual Studio Version 17
VisualStudioVersion = 17.3.32804.467
MinimumVisualStudioVersion = 10.0.40219.1
Project("{FAE04EC0-301F-11D3-BF4B-00C04F79EFBC}") = "WebUI", "WebUI\WebUI.csproj", "{9D2FD818-B71A-43F0-AA13-8742464B53D2}"
EndProject
Project("{FAE04EC0-301F-11D3-BF4B-00C04F79EFBC}") = "Infrastructure", "Infrastructure\Infrastructure.csproj", "{3580725C-89E0-456C-817A-947B8F7E0730}"
EndProject
Project("{FAE04EC0-301F-11D3-BF4B-00C04F79EFBC}") = "Domain", "Domain\Domain.csproj", "{3ABC6AEE-8BBF-4A0B-8F06-72333D06041B}"
EndProject
Project("{FAE04EC0-301F-11D3-BF4B-00C04F79EFBC}") = "Application", "Application\Application.csproj", "{E2118CE5-50D0-4F5B-A5E1-4FA4980846E0}"
EndProject
Global
	GlobalSection(SolutionConfigurationPlatforms) = preSolution
		Debug|Any CPU = Debug|Any CPU
		Release|Any CPU = Release|Any CPU
	EndGlobalSection
	GlobalSection(ProjectConfigurationPlatforms) = postSolution
		{9D2FD818-B71A-43F0-AA13-8742464B53D2}.Debug|Any CPU.ActiveCfg = Debug|Any CPU
		{9D2FD818-B71A-43F0-AA13-8742464B53D2}.Debug|Any CPU.Build.0 = Debug|Any CPU
		{9D2FD818-B71A-43F0-AA13-8742464B53D2}.Release|Any CPU.ActiveCfg = Release|Any CPU
		{9D2FD818-B71A-43F0-AA13-8742464B53D2}.Release|Any CPU.Build.0 = Release|Any CPU
		{3580725C-89E0-456C-817A-947B8F7E0730}.Debug|Any CPU.ActiveCfg = Debug|Any CPU
		{3580725C-89E0-456C-817A-947B8F7E0730}.Debug|Any CPU.Build.0 = Debug|Any CPU
		{3580725C-89E0-456C-817A-947B8F7E0730}.Release|Any CPU.ActiveCfg = Release|Any CPU
		{3580725C-89E0-456C-817A-947B8F7E0730}.Release|Any CPU.Build.0 = Release|Any CPU
		{3ABC6AEE-8BBF-4A0B-8F06-72333D06041B}.Debug|Any CPU.ActiveCfg = Debug|Any CPU
		{3ABC6AEE-8BBF-4A0B-8F06-72333D06041B}.Debug|Any CPU.Build.0 = Debug|Any CPU
		{3ABC6AEE-8BBF-4A0B-8F06-72333D06041B}.Release|Any CPU.ActiveCfg = Release|Any CPU
		{3ABC6AEE-8BBF-4A0B-8F06-72333D06041B}.Release|Any CPU.Build.0 = Release|Any CPU
		{E2118CE5-50D0-4F5B-A5E1-4FA4980846E0}.Debug|Any CPU.ActiveCfg = Debug|Any CPU
		{E2118CE5-50D0-4F5B-A5E1-4FA4980846E0}.Debug|Any CPU.Build.0 = Debug|Any CPU
		{E2118CE5-50D0-4F5B-A5E1-4FA4980846E0}.Release|Any CPU.ActiveCfg = Release|Any CPU
		{E2118CE5-50D0-4F5B-A5E1-4FA4980846E0}.Release|Any CPU.Build.0 = Release|Any CPU
	EndGlobalSection
	GlobalSection(SolutionProperties) = preSolution
		HideSolutionNode = FALSE
	EndGlobalSection
	GlobalSection(ExtensibilityGlobals) = postSolution
		SolutionGuid = {4FC4A4B9-1869-426B-86F7-FA3F33DFA4D2}
	EndGlobalSection
EndGlobal
